
Microsoft Visual Studio Solution File, Format Version 12.00
# Visual Studio Version 17
VisualStudioVersion = 17.1.32421.90
MinimumVisualStudioVersion = 10.0.40219.1
Project("{FAE04EC0-301F-11D3-BF4B-00C04F79EFBC}") = "ejercicioClase5", "ejercicioClase5\ejercicioClase5.csproj", "{9999EFF1-5543-48C6-B6FC-ABE39C0B18A0}"
EndProject
Global
	GlobalSection(SolutionConfigurationPlatforms) = preSolution
		Debug|Any CPU = Debug|Any CPU
		Release|Any CPU = Release|Any CPU
	EndGlobalSection
	GlobalSection(ProjectConfigurationPlatforms) = postSolution
		{9999EFF1-5543-48C6-B6FC-ABE39C0B18A0}.Debug|Any CPU.ActiveCfg = Debug|Any CPU
		{9999EFF1-5543-48C6-B6FC-ABE39C0B18A0}.Debug|Any CPU.Build.0 = Debug|Any CPU
		{9999EFF1-5543-48C6-B6FC-ABE39C0B18A0}.Release|Any CPU.ActiveCfg = Release|Any CPU
		{9999EFF1-5543-48C6-B6FC-ABE39C0B18A0}.Release|Any CPU.Build.0 = Release|Any CPU
	EndGlobalSection
	GlobalSection(SolutionProperties) = preSolution
		HideSolutionNode = FALSE
	EndGlobalSection
	GlobalSection(ExtensibilityGlobals) = postSolution
		SolutionGuid = {FB79A82D-46C2-408B-8F24-8593F7B71B41}
	EndGlobalSection
EndGlobal
